
Microsoft Visual Studio Solution File, Format Version 12.00
# Visual Studio Version 17
VisualStudioVersion = 17.2.32516.85
MinimumVisualStudioVersion = 10.0.40219.1
Project("{FAE04EC0-301F-11D3-BF4B-00C04F79EFBC}") = "databasetask", "databasetask\databasetask.csproj", "{5ACB03C0-0953-4CEB-AFAA-29987AC69203}"
EndProject
Global
	GlobalSection(SolutionConfigurationPlatforms) = preSolution
		Debug|Any CPU = Debug|Any CPU
		Release|Any CPU = Release|Any CPU
	EndGlobalSection
	GlobalSection(ProjectConfigurationPlatforms) = postSolution
		{5ACB03C0-0953-4CEB-AFAA-29987AC69203}.Debug|Any CPU.ActiveCfg = Debug|Any CPU
		{5ACB03C0-0953-4CEB-AFAA-29987AC69203}.Debug|Any CPU.Build.0 = Debug|Any CPU
		{5ACB03C0-0953-4CEB-AFAA-29987AC69203}.Release|Any CPU.ActiveCfg = Release|Any CPU
		{5ACB03C0-0953-4CEB-AFAA-29987AC69203}.Release|Any CPU.Build.0 = Release|Any CPU
	EndGlobalSection
	GlobalSection(SolutionProperties) = preSolution
		HideSolutionNode = FALSE
	EndGlobalSection
	GlobalSection(ExtensibilityGlobals) = postSolution
		SolutionGuid = {D5EEF5BC-1A3F-4F45-8D3B-B053A5A60FA8}
	EndGlobalSection
EndGlobal
